<Solution>
  <Project Path="Cookbook.ApiService/Cookbook.ApiService.csproj" />
  <Project Path="Cookbook.AppHost/Cookbook.AppHost.csproj" />
  <Project Path="Cookbook.ServiceDefaults/Cookbook.ServiceDefaults.csproj" />
  <Project Path="CookbookMauiBlazor/CookbookMauiBlazor.Shared/CookbookMauiBlazor.Shared.csproj" Id="2158e849-b237-45da-bb23-044c70e7231c" />
  <Project Path="CookbookMauiBlazor/CookbookMauiBlazor.Web/CookbookMauiBlazor.Web.csproj" Id="df9a95cc-b6fa-4d9c-bd50-41795accd326" />
  <Project Path="CookbookMauiBlazor/CookbookMauiBlazor/CookbookMauiBlazor.csproj" Id="74aaf0b0-b3ea-4a8f-976e-0606429ce609">
    <Deploy Solution="Debug|*" />
  </Project>
</Solution>
