Microsoft Visual Studio Solution File, Format Version 12.00
# Visual Studio Version 17
VisualStudioVersion = 17.5.2.0
MinimumVisualStudioVersion = 10.0.40219.1
Project("{FAE04EC0-301F-11D3-BF4B-00C04F79EFBC}") = "Cookbook.AppHost", "Cookbook.AppHost\Cookbook.AppHost.csproj", "{FB337E00-9234-97C5-F471-B36CBD2AFC2C}"
EndProject
Project("{FAE04EC0-301F-11D3-BF4B-00C04F79EFBC}") = "Cookbook.ServiceDefaults", "Cookbook.ServiceDefaults\Cookbook.ServiceDefaults.csproj", "{756478B2-8F08-0E64-867C-C77FEE1E7075}"
EndProject
Project("{FAE04EC0-301F-11D3-BF4B-00C04F79EFBC}") = "Cookbook.ApiService", "Cookbook.ApiService\Cookbook.ApiService.csproj", "{1FEEE5F6-C780-8752-3361-608B26B3F739}"
EndProject
Project("{2150E333-8FDC-42A3-9474-1A3956D46DE8}") = "CookbookMauiBlazor", "CookbookMauiBlazor", "{D6F24A72-731B-3034-9FCC-69557617CA92}"
EndProject
Project("{FAE04EC0-301F-11D3-BF4B-00C04F79EFBC}") = "CookbookMauiBlazor", "CookbookMauiBlazor\CookbookMauiBlazor\CookbookMauiBlazor.csproj", "{E45BC6DD-E17B-D654-7B15-2ED3B452F599}"
EndProject
Project("{FAE04EC0-301F-11D3-BF4B-00C04F79EFBC}") = "CookbookMauiBlazor.Web", "CookbookMauiBlazor\CookbookMauiBlazor.Web\CookbookMauiBlazor.Web.csproj", "{7AE5FFB0-FAC9-BEFC-1146-5FA2F98CB56F}"
EndProject
Project("{FAE04EC0-301F-11D3-BF4B-00C04F79EFBC}") = "CookbookMauiBlazor.Shared", "CookbookMauiBlazor\CookbookMauiBlazor.Shared\CookbookMauiBlazor.Shared.csproj", "{5D5ADCD9-5B67-A95B-E8C4-7008149EC133}"
EndProject
Global
	GlobalSection(SolutionConfigurationPlatforms) = preSolution
		Debug|Any CPU = Debug|Any CPU
		Release|Any CPU = Release|Any CPU
	EndGlobalSection
	GlobalSection(ProjectConfigurationPlatforms) = postSolution
		{FB337E00-9234-97C5-F471-B36CBD2AFC2C}.Debug|Any CPU.ActiveCfg = Debug|Any CPU
		{FB337E00-9234-97C5-F471-B36CBD2AFC2C}.Debug|Any CPU.Build.0 = Debug|Any CPU
		{FB337E00-9234-97C5-F471-B36CBD2AFC2C}.Release|Any CPU.ActiveCfg = Release|Any CPU
		{FB337E00-9234-97C5-F471-B36CBD2AFC2C}.Release|Any CPU.Build.0 = Release|Any CPU
		{756478B2-8F08-0E64-867C-C77FEE1E7075}.Debug|Any CPU.ActiveCfg = Debug|Any CPU
		{756478B2-8F08-0E64-867C-C77FEE1E7075}.Debug|Any CPU.Build.0 = Debug|Any CPU
		{756478B2-8F08-0E64-867C-C77FEE1E7075}.Release|Any CPU.ActiveCfg = Release|Any CPU
		{756478B2-8F08-0E64-867C-C77FEE1E7075}.Release|Any CPU.Build.0 = Release|Any CPU
		{1FEEE5F6-C780-8752-3361-608B26B3F739}.Debug|Any CPU.ActiveCfg = Debug|Any CPU
		{1FEEE5F6-C780-8752-3361-608B26B3F739}.Debug|Any CPU.Build.0 = Debug|Any CPU
		{1FEEE5F6-C780-8752-3361-608B26B3F739}.Release|Any CPU.ActiveCfg = Release|Any CPU
		{1FEEE5F6-C780-8752-3361-608B26B3F739}.Release|Any CPU.Build.0 = Release|Any CPU
		{E45BC6DD-E17B-D654-7B15-2ED3B452F599}.Debug|Any CPU.ActiveCfg = Debug|Any CPU
		{E45BC6DD-E17B-D654-7B15-2ED3B452F599}.Debug|Any CPU.Build.0 = Debug|Any CPU
		{E45BC6DD-E17B-D654-7B15-2ED3B452F599}.Release|Any CPU.ActiveCfg = Release|Any CPU
		{E45BC6DD-E17B-D654-7B15-2ED3B452F599}.Release|Any CPU.Build.0 = Release|Any CPU
		{7AE5FFB0-FAC9-BEFC-1146-5FA2F98CB56F}.Debug|Any CPU.ActiveCfg = Debug|Any CPU
		{7AE5FFB0-FAC9-BEFC-1146-5FA2F98CB56F}.Debug|Any CPU.Build.0 = Debug|Any CPU
		{7AE5FFB0-FAC9-BEFC-1146-5FA2F98CB56F}.Release|Any CPU.ActiveCfg = Release|Any CPU
		{7AE5FFB0-FAC9-BEFC-1146-5FA2F98CB56F}.Release|Any CPU.Build.0 = Release|Any CPU
		{5D5ADCD9-5B67-A95B-E8C4-7008149EC133}.Debug|Any CPU.ActiveCfg = Debug|Any CPU
		{5D5ADCD9-5B67-A95B-E8C4-7008149EC133}.Debug|Any CPU.Build.0 = Debug|Any CPU
		{5D5ADCD9-5B67-A95B-E8C4-7008149EC133}.Release|Any CPU.ActiveCfg = Release|Any CPU
		{5D5ADCD9-5B67-A95B-E8C4-7008149EC133}.Release|Any CPU.Build.0 = Release|Any CPU
	EndGlobalSection
	GlobalSection(SolutionProperties) = preSolution
		HideSolutionNode = FALSE
	EndGlobalSection
	GlobalSection(NestedProjects) = preSolution
		{E45BC6DD-E17B-D654-7B15-2ED3B452F599} = {D6F24A72-731B-3034-9FCC-69557617CA92}
		{7AE5FFB0-FAC9-BEFC-1146-5FA2F98CB56F} = {D6F24A72-731B-3034-9FCC-69557617CA92}
		{5D5ADCD9-5B67-A95B-E8C4-7008149EC133} = {D6F24A72-731B-3034-9FCC-69557617CA92}
	EndGlobalSection
	GlobalSection(ExtensibilityGlobals) = postSolution
		SolutionGuid = {1D95CB85-B6D4-4664-AA84-2555D4C2AE95}
	EndGlobalSection
EndGlobal
